// !$*UTF8*$!
{
	archiveVersion = 1;
	classes = {
	};
	objectVersion = 50;
	objects = {

/* Begin PBXBuildFile section */
		15B0016D22B85F3400099FF7 /* AppDelegate.swift in Sources */ = {isa = PBXBuildFile; fileRef = 15B0016C22B85F3400099FF7 /* AppDelegate.swift */; };
		15B0016F22B85F3400099FF7 /* RootViewController.swift in Sources */ = {isa = PBXBuildFile; fileRef = 15B0016E22B85F3400099FF7 /* RootViewController.swift */; };
		15B0017222B85F3400099FF7 /* Main.storyboard in Resources */ = {isa = PBXBuildFile; fileRef = 15B0017022B85F3400099FF7 /* Main.storyboard */; };
		15B0017722B85F3500099FF7 /* LaunchScreen.storyboard in Resources */ = {isa = PBXBuildFile; fileRef = 15B0017522B85F3500099FF7 /* LaunchScreen.storyboard */; };
		15B0017F22B8D91D00099FF7 /* StartScreen.swift in Sources */ = {isa = PBXBuildFile; fileRef = 15B0017E22B8D91D00099FF7 /* StartScreen.swift */; };
		15B0018122B8DA2400099FF7 /* ButtonNode.swift in Sources */ = {isa = PBXBuildFile; fileRef = 15B0018022B8DA2400099FF7 /* ButtonNode.swift */; };
		15B0018322B8DB4900099FF7 /* ButtonData.swift in Sources */ = {isa = PBXBuildFile; fileRef = 15B0018222B8DB4900099FF7 /* ButtonData.swift */; };
		15B0018522B8DC1000099FF7 /* Consts.swift in Sources */ = {isa = PBXBuildFile; fileRef = 15B0018422B8DC1000099FF7 /* Consts.swift */; };
		15B0018722B8DD7F00099FF7 /* Buttons.swift in Sources */ = {isa = PBXBuildFile; fileRef = 15B0018622B8DD7F00099FF7 /* Buttons.swift */; };
		15B0018922B8DDBB00099FF7 /* Labels.swift in Sources */ = {isa = PBXBuildFile; fileRef = 15B0018822B8DDBB00099FF7 /* Labels.swift */; };
		15B0018B22B8E04000099FF7 /* GameScreen.swift in Sources */ = {isa = PBXBuildFile; fileRef = 15B0018A22B8E04000099FF7 /* GameScreen.swift */; };
		15B0018D22B8E08400099FF7 /* BaseScreen.swift in Sources */ = {isa = PBXBuildFile; fileRef = 15B0018C22B8E08400099FF7 /* BaseScreen.swift */; };
		15B0018F22B8E0AD00099FF7 /* GameManager.swift in Sources */ = {isa = PBXBuildFile; fileRef = 15B0018E22B8E0AD00099FF7 /* GameManager.swift */; };
		15B0019122B8E13900099FF7 /* UserDefault.swift in Sources */ = {isa = PBXBuildFile; fileRef = 15B0019022B8E13900099FF7 /* UserDefault.swift */; };
		15B0019322B8E72400099FF7 /* GameSquare.swift in Sources */ = {isa = PBXBuildFile; fileRef = 15B0019222B8E72400099FF7 /* GameSquare.swift */; };
		15B0019522B9904000099FF7 /* Grid.swift in Sources */ = {isa = PBXBuildFile; fileRef = 15B0019422B9904000099FF7 /* Grid.swift */; };
		15B0019922BAA88E00099FF7 /* DataSource.swift in Sources */ = {isa = PBXBuildFile; fileRef = 15B0019822BAA88E00099FF7 /* DataSource.swift */; };
		15B0019B22BE153D00099FF7 /* HUD.swift in Sources */ = {isa = PBXBuildFile; fileRef = 15B0019A22BE153D00099FF7 /* HUD.swift */; };
		15B0019F22BE22BC00099FF7 /* Assets.xcassets in Resources */ = {isa = PBXBuildFile; fileRef = 15B0019E22BE22BC00099FF7 /* Assets.xcassets */; };
/* End PBXBuildFile section */

/* Begin PBXFileReference section */
		15B0016922B85F3400099FF7 /* match2.app */ = {isa = PBXFileReference; explicitFileType = wrapper.application; includeInIndex = 0; path = match2.app; sourceTree = BUILT_PRODUCTS_DIR; };
		15B0016C22B85F3400099FF7 /* AppDelegate.swift */ = {isa = PBXFileReference; lastKnownFileType = sourcecode.swift; path = AppDelegate.swift; sourceTree = "<group>"; };
		15B0016E22B85F3400099FF7 /* RootViewController.swift */ = {isa = PBXFileReference; lastKnownFileType = sourcecode.swift; path = RootViewController.swift; sourceTree = "<group>"; };
		15B0017122B85F3400099FF7 /* Base */ = {isa = PBXFileReference; lastKnownFileType = file.storyboard; name = Base; path = Base.lproj/Main.storyboard; sourceTree = "<group>"; };
		15B0017622B85F3500099FF7 /* Base */ = {isa = PBXFileReference; lastKnownFileType = file.storyboard; name = Base; path = Base.lproj/LaunchScreen.storyboard; sourceTree = "<group>"; };
		15B0017822B85F3500099FF7 /* Info.plist */ = {isa = PBXFileReference; lastKnownFileType = text.plist.xml; path = Info.plist; sourceTree = "<group>"; };
		15B0017E22B8D91D00099FF7 /* StartScreen.swift */ = {isa = PBXFileReference; lastKnownFileType = sourcecode.swift; path = StartScreen.swift; sourceTree = "<group>"; };
		15B0018022B8DA2400099FF7 /* ButtonNode.swift */ = {isa = PBXFileReference; lastKnownFileType = sourcecode.swift; path = ButtonNode.swift; sourceTree = "<group>"; };
		15B0018222B8DB4900099FF7 /* ButtonData.swift */ = {isa = PBXFileReference; lastKnownFileType = sourcecode.swift; path = ButtonData.swift; sourceTree = "<group>"; };
		15B0018422B8DC1000099FF7 /* Consts.swift */ = {isa = PBXFileReference; lastKnownFileType = sourcecode.swift; path = Consts.swift; sourceTree = "<group>"; };
		15B0018622B8DD7F00099FF7 /* Buttons.swift */ = {isa = PBXFileReference; lastKnownFileType = sourcecode.swift; path = Buttons.swift; sourceTree = "<group>"; };
		15B0018822B8DDBB00099FF7 /* Labels.swift */ = {isa = PBXFileReference; lastKnownFileType = sourcecode.swift; path = Labels.swift; sourceTree = "<group>"; };
		15B0018A22B8E04000099FF7 /* GameScreen.swift */ = {isa = PBXFileReference; lastKnownFileType = sourcecode.swift; path = GameScreen.swift; sourceTree = "<group>"; };
		15B0018C22B8E08400099FF7 /* BaseScreen.swift */ = {isa = PBXFileReference; lastKnownFileType = sourcecode.swift; path = BaseScreen.swift; sourceTree = "<group>"; };
		15B0018E22B8E0AD00099FF7 /* GameManager.swift */ = {isa = PBXFileReference; lastKnownFileType = sourcecode.swift; path = GameManager.swift; sourceTree = "<group>"; };
		15B0019022B8E13900099FF7 /* UserDefault.swift */ = {isa = PBXFileReference; lastKnownFileType = sourcecode.swift; path = UserDefault.swift; sourceTree = "<group>"; };
		15B0019222B8E72400099FF7 /* GameSquare.swift */ = {isa = PBXFileReference; lastKnownFileType = sourcecode.swift; path = GameSquare.swift; sourceTree = "<group>"; };
		15B0019422B9904000099FF7 /* Grid.swift */ = {isa = PBXFileReference; lastKnownFileType = sourcecode.swift; path = Grid.swift; sourceTree = "<group>"; };
		15B0019822BAA88E00099FF7 /* DataSource.swift */ = {isa = PBXFileReference; lastKnownFileType = sourcecode.swift; path = DataSource.swift; sourceTree = "<group>"; };
		15B0019A22BE153D00099FF7 /* HUD.swift */ = {isa = PBXFileReference; lastKnownFileType = sourcecode.swift; path = HUD.swift; sourceTree = "<group>"; };
		15B0019E22BE22BC00099FF7 /* Assets.xcassets */ = {isa = PBXFileReference; lastKnownFileType = folder.assetcatalog; path = Assets.xcassets; sourceTree = "<group>"; };
/* End PBXFileReference section */

/* Begin PBXFrameworksBuildPhase section */
		15B0016622B85F3400099FF7 /* Frameworks */ = {
			isa = PBXFrameworksBuildPhase;
			buildActionMask = 2147483647;
			files = (
			);
			runOnlyForDeploymentPostprocessing = 0;
		};
/* End PBXFrameworksBuildPhase section */

/* Begin PBXGroup section */
		15B0016022B85F3400099FF7 = {
			isa = PBXGroup;
			children = (
				15B0016B22B85F3400099FF7 /* match2 */,
				15B0016A22B85F3400099FF7 /* Products */,
			);
			sourceTree = "<group>";
		};
		15B0016A22B85F3400099FF7 /* Products */ = {
			isa = PBXGroup;
			children = (
				15B0016922B85F3400099FF7 /* match2.app */,
			);
			name = Products;
			sourceTree = "<group>";
		};
		15B0016B22B85F3400099FF7 /* match2 */ = {
			isa = PBXGroup;
			children = (
				15B0016C22B85F3400099FF7 /* AppDelegate.swift */,
				15B0018E22B8E0AD00099FF7 /* GameManager.swift */,
				15B0019022B8E13900099FF7 /* UserDefault.swift */,
				15B0018422B8DC1000099FF7 /* Consts.swift */,
				15B0019222B8E72400099FF7 /* GameSquare.swift */,
				15B0019822BAA88E00099FF7 /* DataSource.swift */,
				15B0017E22B8D91D00099FF7 /* StartScreen.swift */,
				15B0018A22B8E04000099FF7 /* GameScreen.swift */,
				15B0019A22BE153D00099FF7 /* HUD.swift */,
				15B0018C22B8E08400099FF7 /* BaseScreen.swift */,
				15B0018622B8DD7F00099FF7 /* Buttons.swift */,
				15B0018022B8DA2400099FF7 /* ButtonNode.swift */,
				15B0018822B8DDBB00099FF7 /* Labels.swift */,
				15B0018222B8DB4900099FF7 /* ButtonData.swift */,
				15B0019422B9904000099FF7 /* Grid.swift */,
				15B0016E22B85F3400099FF7 /* RootViewController.swift */,
				15B0017022B85F3400099FF7 /* Main.storyboard */,
				15B0019E22BE22BC00099FF7 /* Assets.xcassets */,
				15B0017522B85F3500099FF7 /* LaunchScreen.storyboard */,
				15B0017822B85F3500099FF7 /* Info.plist */,
			);
			path = match2;
			sourceTree = "<group>";
		};
/* End PBXGroup section */

/* Begin PBXNativeTarget section */
		15B0016822B85F3400099FF7 /* match2 */ = {
			isa = PBXNativeTarget;
			buildConfigurationList = 15B0017B22B85F3500099FF7 /* Build configuration list for PBXNativeTarget "match2" */;
			buildPhases = (
				15B0016522B85F3400099FF7 /* Sources */,
				15B0016622B85F3400099FF7 /* Frameworks */,
				15B0016722B85F3400099FF7 /* Resources */,
			);
			buildRules = (
			);
			dependencies = (
			);
			name = match2;
			productName = match2;
			productReference = 15B0016922B85F3400099FF7 /* match2.app */;
			productType = "com.apple.product-type.application";
		};
/* End PBXNativeTarget section */

/* Begin PBXProject section */
		15B0016122B85F3400099FF7 /* Project object */ = {
			isa = PBXProject;
			attributes = {
				LastSwiftUpdateCheck = 1020;
				LastUpgradeCheck = 1020;
				ORGANIZATIONNAME = "Alessio Perrotti";
				TargetAttributes = {
					15B0016822B85F3400099FF7 = {
						CreatedOnToolsVersion = 10.2.1;
					};
				};
			};
			buildConfigurationList = 15B0016422B85F3400099FF7 /* Build configuration list for PBXProject "match2" */;
			compatibilityVersion = "Xcode 9.3";
			developmentRegion = en;
			hasScannedForEncodings = 0;
			knownRegions = (
				en,
				Base,
			);
			mainGroup = 15B0016022B85F3400099FF7;
			productRefGroup = 15B0016A22B85F3400099FF7 /* Products */;
			projectDirPath = "";
			projectRoot = "";
			targets = (
				15B0016822B85F3400099FF7 /* match2 */,
			);
		};
/* End PBXProject section */

/* Begin PBXResourcesBuildPhase section */
		15B0016722B85F3400099FF7 /* Resources */ = {
			isa = PBXResourcesBuildPhase;
			buildActionMask = 2147483647;
			files = (
				15B0017722B85F3500099FF7 /* LaunchScreen.storyboard in Resources */,
				15B0019F22BE22BC00099FF7 /* Assets.xcassets in Resources */,
				15B0017222B85F3400099FF7 /* Main.storyboard in Resources */,
			);
			runOnlyForDeploymentPostprocessing = 0;
		};
/* End PBXResourcesBuildPhase section */

/* Begin PBXSourcesBuildPhase section */
		15B0016522B85F3400099FF7 /* Sources */ = {
			isa = PBXSourcesBuildPhase;
			buildActionMask = 2147483647;
			files = (
				15B0018722B8DD7F00099FF7 /* Buttons.swift in Sources */,
				15B0018322B8DB4900099FF7 /* ButtonData.swift in Sources */,
				15B0018922B8DDBB00099FF7 /* Labels.swift in Sources */,
				15B0018F22B8E0AD00099FF7 /* GameManager.swift in Sources */,
				15B0019322B8E72400099FF7 /* GameSquare.swift in Sources */,
				15B0019B22BE153D00099FF7 /* HUD.swift in Sources */,
				15B0019922BAA88E00099FF7 /* DataSource.swift in Sources */,
				15B0019522B9904000099FF7 /* Grid.swift in Sources */,
				15B0018522B8DC1000099FF7 /* Consts.swift in Sources */,
				15B0018D22B8E08400099FF7 /* BaseScreen.swift in Sources */,
				15B0018B22B8E04000099FF7 /* GameScreen.swift in Sources */,
				15B0016F22B85F3400099FF7 /* RootViewController.swift in Sources */,
				15B0019122B8E13900099FF7 /* UserDefault.swift in Sources */,
				15B0018122B8DA2400099FF7 /* ButtonNode.swift in Sources */,
				15B0016D22B85F3400099FF7 /* AppDelegate.swift in Sources */,
				15B0017F22B8D91D00099FF7 /* StartScreen.swift in Sources */,
			);
			runOnlyForDeploymentPostprocessing = 0;
		};
/* End PBXSourcesBuildPhase section */

/* Begin PBXVariantGroup section */
		15B0017022B85F3400099FF7 /* Main.storyboard */ = {
			isa = PBXVariantGroup;
			children = (
				15B0017122B85F3400099FF7 /* Base */,
			);
			name = Main.storyboard;
			sourceTree = "<group>";
		};
		15B0017522B85F3500099FF7 /* LaunchScreen.storyboard */ = {
			isa = PBXVariantGroup;
			children = (
				15B0017622B85F3500099FF7 /* Base */,
			);
			name = LaunchScreen.storyboard;
			sourceTree = "<group>";
		};
/* End PBXVariantGroup section */

/* Begin XCBuildConfiguration section */
		15B0017922B85F3500099FF7 /* Debug */ = {
			isa = XCBuildConfiguration;
			buildSettings = {
				ALWAYS_SEARCH_USER_PATHS = NO;
				CLANG_ANALYZER_NONNULL = YES;
				CLANG_ANALYZER_NUMBER_OBJECT_CONVERSION = YES_AGGRESSIVE;
				CLANG_CXX_LANGUAGE_STANDARD = "gnu++14";
				CLANG_CXX_LIBRARY = "libc++";
				CLANG_ENABLE_MODULES = YES;
				CLANG_ENABLE_OBJC_ARC = YES;
				CLANG_ENABLE_OBJC_WEAK = YES;
				CLANG_WARN_BLOCK_CAPTURE_AUTORELEASING = YES;
				CLANG_WARN_BOOL_CONVERSION = YES;
				CLANG_WARN_COMMA = YES;
				CLANG_WARN_CONSTANT_CONVERSION = YES;
				CLANG_WARN_DEPRECATED_OBJC_IMPLEMENTATIONS = YES;
				CLANG_WARN_DIRECT_OBJC_ISA_USAGE = YES_ERROR;
				CLANG_WARN_DOCUMENTATION_COMMENTS = YES;
				CLANG_WARN_EMPTY_BODY = YES;
				CLANG_WARN_ENUM_CONVERSION = YES;
				CLANG_WARN_INFINITE_RECURSION = YES;
				CLANG_WARN_INT_CONVERSION = YES;
				CLANG_WARN_NON_LITERAL_NULL_CONVERSION = YES;
				CLANG_WARN_OBJC_IMPLICIT_RETAIN_SELF = YES;
				CLANG_WARN_OBJC_LITERAL_CONVERSION = YES;
				CLANG_WARN_OBJC_ROOT_CLASS = YES_ERROR;
				CLANG_WARN_RANGE_LOOP_ANALYSIS = YES;
				CLANG_WARN_STRICT_PROTOTYPES = YES;
				CLANG_WARN_SUSPICIOUS_MOVE = YES;
				CLANG_WARN_UNGUARDED_AVAILABILITY = YES_AGGRESSIVE;
				CLANG_WARN_UNREACHABLE_CODE = YES;
				CLANG_WARN__DUPLICATE_METHOD_MATCH = YES;
				CODE_SIGN_IDENTITY = "iPhone Developer";
				COPY_PHASE_STRIP = NO;
				DEBUG_INFORMATION_FORMAT = dwarf;
				ENABLE_STRICT_OBJC_MSGSEND = YES;
				ENABLE_TESTABILITY = YES;
				GCC_C_LANGUAGE_STANDARD = gnu11;
				GCC_DYNAMIC_NO_PIC = NO;
				GCC_NO_COMMON_BLOCKS = YES;
				GCC_OPTIMIZATION_LEVEL = 0;
				GCC_PREPROCESSOR_DEFINITIONS = (
					"DEBUG=1",
					"$(inherited)",
				);
				GCC_WARN_64_TO_32_BIT_CONVERSION = YES;
				GCC_WARN_ABOUT_RETURN_TYPE = YES_ERROR;
				GCC_WARN_UNDECLARED_SELECTOR = YES;
				GCC_WARN_UNINITIALIZED_AUTOS = YES_AGGRESSIVE;
				GCC_WARN_UNUSED_FUNCTION = YES;
				GCC_WARN_UNUSED_VARIABLE = YES;
				IPHONEOS_DEPLOYMENT_TARGET = 12.2;
				MTL_ENABLE_DEBUG_INFO = INCLUDE_SOURCE;
				MTL_FAST_MATH = YES;
				ONLY_ACTIVE_ARCH = YES;
				SDKROOT = iphoneos;
				SWIFT_ACTIVE_COMPILATION_CONDITIONS = DEBUG;
				SWIFT_OPTIMIZATION_LEVEL = "-Onone";
			};
			name = Debug;
		};
		15B0017A22B85F3500099FF7 /* Release */ = {
			isa = XCBuildConfiguration;
			buildSettings = {
				ALWAYS_SEARCH_USER_PATHS = NO;
				CLANG_ANALYZER_NONNULL = YES;
				CLANG_ANALYZER_NUMBER_OBJECT_CONVERSION = YES_AGGRESSIVE;
				CLANG_CXX_LANGUAGE_STANDARD = "gnu++14";
				CLANG_CXX_LIBRARY = "libc++";
				CLANG_ENABLE_MODULES = YES;
				CLANG_ENABLE_OBJC_ARC = YES;
				CLANG_ENABLE_OBJC_WEAK = YES;
				CLANG_WARN_BLOCK_CAPTURE_AUTORELEASING = YES;
				CLANG_WARN_BOOL_CONVERSION = YES;
				CLANG_WARN_COMMA = YES;
				CLANG_WARN_CONSTANT_CONVERSION = YES;
				CLANG_WARN_DEPRECATED_OBJC_IMPLEMENTATIONS = YES;
				CLANG_WARN_DIRECT_OBJC_ISA_USAGE = YES_ERROR;
				CLANG_WARN_DOCUMENTATION_COMMENTS = YES;
				CLANG_WARN_EMPTY_BODY = YES;
				CLANG_WARN_ENUM_CONVERSION = YES;
				CLANG_WARN_INFINITE_RECURSION = YES;
				CLANG_WARN_INT_CONVERSION = YES;
				CLANG_WARN_NON_LITERAL_NULL_CONVERSION = YES;
				CLANG_WARN_OBJC_IMPLICIT_RETAIN_SELF = YES;
				CLANG_WARN_OBJC_LITERAL_CONVERSION = YES;
				CLANG_WARN_OBJC_ROOT_CLASS = YES_ERROR;
				CLANG_WARN_RANGE_LOOP_ANALYSIS = YES;
				CLANG_WARN_STRICT_PROTOTYPES = YES;
				CLANG_WARN_SUSPICIOUS_MOVE = YES;
				CLANG_WARN_UNGUARDED_AVAILABILITY = YES_AGGRESSIVE;
				CLANG_WARN_UNREACHABLE_CODE = YES;
				CLANG_WARN__DUPLICATE_METHOD_MATCH = YES;
				CODE_SIGN_IDENTITY = "iPhone Developer";
				COPY_PHASE_STRIP = NO;
				DEBUG_INFORMATION_FORMAT = "dwarf-with-dsym";
				ENABLE_NS_ASSERTIONS = NO;
				ENABLE_STRICT_OBJC_MSGSEND = YES;
				GCC_C_LANGUAGE_STANDARD = gnu11;
				GCC_NO_COMMON_BLOCKS = YES;
				GCC_WARN_64_TO_32_BIT_CONVERSION = YES;
				GCC_WARN_ABOUT_RETURN_TYPE = YES_ERROR;
				GCC_WARN_UNDECLARED_SELECTOR = YES;
				GCC_WARN_UNINITIALIZED_AUTOS = YES_AGGRESSIVE;
				GCC_WARN_UNUSED_FUNCTION = YES;
				GCC_WARN_UNUSED_VARIABLE = YES;
				IPHONEOS_DEPLOYMENT_TARGET = 12.2;
				MTL_ENABLE_DEBUG_INFO = NO;
				MTL_FAST_MATH = YES;
				SDKROOT = iphoneos;
				SWIFT_COMPILATION_MODE = wholemodule;
				SWIFT_OPTIMIZATION_LEVEL = "-O";
				VALIDATE_PRODUCT = YES;
			};
			name = Release;
		};
		15B0017C22B85F3500099FF7 /* Debug */ = {
			isa = XCBuildConfiguration;
			buildSettings = {
				ASSETCATALOG_COMPILER_APPICON_NAME = AppIcon;
				CODE_SIGN_STYLE = Automatic;
				DEVELOPMENT_TEAM = 8FSL5MASH7;
				INFOPLIST_FILE = match2/Info.plist;
				LD_RUNPATH_SEARCH_PATHS = (
					"$(inherited)",
					"@executable_path/Frameworks",
				);
				PRODUCT_BUNDLE_IDENTIFIER = com.perrottialessio.match2;
				PRODUCT_NAME = "$(TARGET_NAME)";
				SWIFT_VERSION = 5.0;
				TARGETED_DEVICE_FAMILY = "1,2";
			};
			name = Debug;
		};
		15B0017D22B85F3500099FF7 /* Release */ = {
			isa = XCBuildConfiguration;
			buildSettings = {
				ASSETCATALOG_COMPILER_APPICON_NAME = AppIcon;
				CODE_SIGN_STYLE = Automatic;
				DEVELOPMENT_TEAM = 8FSL5MASH7;
				INFOPLIST_FILE = match2/Info.plist;
				LD_RUNPATH_SEARCH_PATHS = (
					"$(inherited)",
					"@executable_path/Frameworks",
				);
				PRODUCT_BUNDLE_IDENTIFIER = com.perrottialessio.match2;
				PRODUCT_NAME = "$(TARGET_NAME)";
				SWIFT_VERSION = 5.0;
				TARGETED_DEVICE_FAMILY = "1,2";
			};
			name = Release;
		};
/* End XCBuildConfiguration section */

/* Begin XCConfigurationList section */
		15B0016422B85F3400099FF7 /* Build configuration list for PBXProject "match2" */ = {
			isa = XCConfigurationList;
			buildConfigurations = (
				15B0017922B85F3500099FF7 /* Debug */,
				15B0017A22B85F3500099FF7 /* Release */,
			);
			defaultConfigurationIsVisible = 0;
			defaultConfigurationName = Release;
		};
		15B0017B22B85F3500099FF7 /* Build configuration list for PBXNativeTarget "match2" */ = {
			isa = XCConfigurationList;
			buildConfigurations = (
				15B0017C22B85F3500099FF7 /* Debug */,
				15B0017D22B85F3500099FF7 /* Release */,
			);
			defaultConfigurationIsVisible = 0;
			defaultConfigurationName = Release;
		};
/* End XCConfigurationList section */
	};
	rootObject = 15B0016122B85F3400099FF7 /* Project object */;
}
